
Microsoft Visual Studio Solution File, Format Version 12.00
# Visual Studio Version 17
VisualStudioVersion = 17.13.35913.81
MinimumVisualStudioVersion = 10.0.40219.1
Project("{FAE04EC0-301F-11D3-BF4B-00C04F79EFBC}") = "EventEaseBooking", "EventEaseBooking\EventEaseBooking.csproj", "{8ACB59EC-C50A-4562-8A70-E3B717BFCF4B}"
EndProject
Project("{FAE04EC0-301F-11D3-BF4B-00C04F79EFBC}") = "EventEaseAPI", "EventEaseAPI\EventEaseAPI.csproj", "{ECAB5467-3EA1-4B78-8709-3F6F037094FF}"
EndProject
Global
	GlobalSection(SolutionConfigurationPlatforms) = preSolution
		Debug|Any CPU = Debug|Any CPU
		Release|Any CPU = Release|Any CPU
	EndGlobalSection
	GlobalSection(ProjectConfigurationPlatforms) = postSolution
		{8ACB59EC-C50A-4562-8A70-E3B717BFCF4B}.Debug|Any CPU.ActiveCfg = Debug|Any CPU
		{8ACB59EC-C50A-4562-8A70-E3B717BFCF4B}.Debug|Any CPU.Build.0 = Debug|Any CPU
		{8ACB59EC-C50A-4562-8A70-E3B717BFCF4B}.Release|Any CPU.ActiveCfg = Release|Any CPU
		{8ACB59EC-C50A-4562-8A70-E3B717BFCF4B}.Release|Any CPU.Build.0 = Release|Any CPU
		{ECAB5467-3EA1-4B78-8709-3F6F037094FF}.Debug|Any CPU.ActiveCfg = Debug|Any CPU
		{ECAB5467-3EA1-4B78-8709-3F6F037094FF}.Debug|Any CPU.Build.0 = Debug|Any CPU
		{ECAB5467-3EA1-4B78-8709-3F6F037094FF}.Release|Any CPU.ActiveCfg = Release|Any CPU
		{ECAB5467-3EA1-4B78-8709-3F6F037094FF}.Release|Any CPU.Build.0 = Release|Any CPU
	EndGlobalSection
	GlobalSection(SolutionProperties) = preSolution
		HideSolutionNode = FALSE
	EndGlobalSection
	GlobalSection(ExtensibilityGlobals) = postSolution
		SolutionGuid = {90240596-8CF2-40D7-8AC3-33A778A0CFCA}
	EndGlobalSection
EndGlobal
